
Microsoft Visual Studio Solution File, Format Version 12.00
# Visual Studio 15
VisualStudioVersion = 15.0.26124.0
MinimumVisualStudioVersion = 15.0.26124.0
Project("{2150E333-8FDC-42A3-9474-1A3956D46DE8}") = "Lib", "Lib", "{537BBF6E-378A-4B57-A77A-702512DC149B}"
EndProject
Project("{FAE04EC0-301F-11D3-BF4B-00C04F79EFBC}") = "Gaius.Core", "Lib\Gaius.Core\Gaius.Core.csproj", "{C234B056-9A4E-48C7-B383-2DE374F62AD0}"
EndProject
Project("{FAE04EC0-301F-11D3-BF4B-00C04F79EFBC}") = "Gaius.Worker", "Lib\Gaius.Worker\Gaius.Worker.csproj", "{1EC9445A-70F3-43E1-B02A-251170260CF2}"
EndProject
Project("{FAE04EC0-301F-11D3-BF4B-00C04F79EFBC}") = "Gaius.Processing", "Lib\Gaius.Processing\Gaius.Processing.csproj", "{78A937FA-F510-4347-B456-936B99D3C330}"
EndProject
Project("{FAE04EC0-301F-11D3-BF4B-00C04F79EFBC}") = "Gaius", "Gaius\Gaius.csproj", "{5A699797-8167-4A2F-837D-9D9F9AAD2FDE}"
EndProject
Global
	GlobalSection(SolutionConfigurationPlatforms) = preSolution
		Debug|Any CPU = Debug|Any CPU
		Debug|x64 = Debug|x64
		Debug|x86 = Debug|x86
		Release|Any CPU = Release|Any CPU
		Release|x64 = Release|x64
		Release|x86 = Release|x86
	EndGlobalSection
	GlobalSection(SolutionProperties) = preSolution
		HideSolutionNode = FALSE
	EndGlobalSection
	GlobalSection(ProjectConfigurationPlatforms) = postSolution
		{C234B056-9A4E-48C7-B383-2DE374F62AD0}.Debug|Any CPU.ActiveCfg = Debug|Any CPU
		{C234B056-9A4E-48C7-B383-2DE374F62AD0}.Debug|Any CPU.Build.0 = Debug|Any CPU
		{C234B056-9A4E-48C7-B383-2DE374F62AD0}.Debug|x64.ActiveCfg = Debug|Any CPU
		{C234B056-9A4E-48C7-B383-2DE374F62AD0}.Debug|x64.Build.0 = Debug|Any CPU
		{C234B056-9A4E-48C7-B383-2DE374F62AD0}.Debug|x86.ActiveCfg = Debug|Any CPU
		{C234B056-9A4E-48C7-B383-2DE374F62AD0}.Debug|x86.Build.0 = Debug|Any CPU
		{C234B056-9A4E-48C7-B383-2DE374F62AD0}.Release|Any CPU.ActiveCfg = Release|Any CPU
		{C234B056-9A4E-48C7-B383-2DE374F62AD0}.Release|Any CPU.Build.0 = Release|Any CPU
		{C234B056-9A4E-48C7-B383-2DE374F62AD0}.Release|x64.ActiveCfg = Release|Any CPU
		{C234B056-9A4E-48C7-B383-2DE374F62AD0}.Release|x64.Build.0 = Release|Any CPU
		{C234B056-9A4E-48C7-B383-2DE374F62AD0}.Release|x86.ActiveCfg = Release|Any CPU
		{C234B056-9A4E-48C7-B383-2DE374F62AD0}.Release|x86.Build.0 = Release|Any CPU
		{1EC9445A-70F3-43E1-B02A-251170260CF2}.Debug|Any CPU.ActiveCfg = Debug|Any CPU
		{1EC9445A-70F3-43E1-B02A-251170260CF2}.Debug|Any CPU.Build.0 = Debug|Any CPU
		{1EC9445A-70F3-43E1-B02A-251170260CF2}.Debug|x64.ActiveCfg = Debug|Any CPU
		{1EC9445A-70F3-43E1-B02A-251170260CF2}.Debug|x64.Build.0 = Debug|Any CPU
		{1EC9445A-70F3-43E1-B02A-251170260CF2}.Debug|x86.ActiveCfg = Debug|Any CPU
		{1EC9445A-70F3-43E1-B02A-251170260CF2}.Debug|x86.Build.0 = Debug|Any CPU
		{1EC9445A-70F3-43E1-B02A-251170260CF2}.Release|Any CPU.ActiveCfg = Release|Any CPU
		{1EC9445A-70F3-43E1-B02A-251170260CF2}.Release|Any CPU.Build.0 = Release|Any CPU
		{1EC9445A-70F3-43E1-B02A-251170260CF2}.Release|x64.ActiveCfg = Release|Any CPU
		{1EC9445A-70F3-43E1-B02A-251170260CF2}.Release|x64.Build.0 = Release|Any CPU
		{1EC9445A-70F3-43E1-B02A-251170260CF2}.Release|x86.ActiveCfg = Release|Any CPU
		{1EC9445A-70F3-43E1-B02A-251170260CF2}.Release|x86.Build.0 = Release|Any CPU
		{78A937FA-F510-4347-B456-936B99D3C330}.Debug|Any CPU.ActiveCfg = Debug|Any CPU
		{78A937FA-F510-4347-B456-936B99D3C330}.Debug|Any CPU.Build.0 = Debug|Any CPU
		{78A937FA-F510-4347-B456-936B99D3C330}.Debug|x64.ActiveCfg = Debug|Any CPU
		{78A937FA-F510-4347-B456-936B99D3C330}.Debug|x64.Build.0 = Debug|Any CPU
		{78A937FA-F510-4347-B456-936B99D3C330}.Debug|x86.ActiveCfg = Debug|Any CPU
		{78A937FA-F510-4347-B456-936B99D3C330}.Debug|x86.Build.0 = Debug|Any CPU
		{78A937FA-F510-4347-B456-936B99D3C330}.Release|Any CPU.ActiveCfg = Release|Any CPU
		{78A937FA-F510-4347-B456-936B99D3C330}.Release|Any CPU.Build.0 = Release|Any CPU
		{78A937FA-F510-4347-B456-936B99D3C330}.Release|x64.ActiveCfg = Release|Any CPU
		{78A937FA-F510-4347-B456-936B99D3C330}.Release|x64.Build.0 = Release|Any CPU
		{78A937FA-F510-4347-B456-936B99D3C330}.Release|x86.ActiveCfg = Release|Any CPU
		{78A937FA-F510-4347-B456-936B99D3C330}.Release|x86.Build.0 = Release|Any CPU
		{5A699797-8167-4A2F-837D-9D9F9AAD2FDE}.Debug|Any CPU.ActiveCfg = Debug|Any CPU
		{5A699797-8167-4A2F-837D-9D9F9AAD2FDE}.Debug|Any CPU.Build.0 = Debug|Any CPU
		{5A699797-8167-4A2F-837D-9D9F9AAD2FDE}.Debug|x64.ActiveCfg = Debug|Any CPU
		{5A699797-8167-4A2F-837D-9D9F9AAD2FDE}.Debug|x64.Build.0 = Debug|Any CPU
		{5A699797-8167-4A2F-837D-9D9F9AAD2FDE}.Debug|x86.ActiveCfg = Debug|Any CPU
		{5A699797-8167-4A2F-837D-9D9F9AAD2FDE}.Debug|x86.Build.0 = Debug|Any CPU
		{5A699797-8167-4A2F-837D-9D9F9AAD2FDE}.Release|Any CPU.ActiveCfg = Release|Any CPU
		{5A699797-8167-4A2F-837D-9D9F9AAD2FDE}.Release|Any CPU.Build.0 = Release|Any CPU
		{5A699797-8167-4A2F-837D-9D9F9AAD2FDE}.Release|x64.ActiveCfg = Release|Any CPU
		{5A699797-8167-4A2F-837D-9D9F9AAD2FDE}.Release|x64.Build.0 = Release|Any CPU
		{5A699797-8167-4A2F-837D-9D9F9AAD2FDE}.Release|x86.ActiveCfg = Release|Any CPU
		{5A699797-8167-4A2F-837D-9D9F9AAD2FDE}.Release|x86.Build.0 = Release|Any CPU
	EndGlobalSection
	GlobalSection(NestedProjects) = preSolution
		{C234B056-9A4E-48C7-B383-2DE374F62AD0} = {537BBF6E-378A-4B57-A77A-702512DC149B}
		{1EC9445A-70F3-43E1-B02A-251170260CF2} = {537BBF6E-378A-4B57-A77A-702512DC149B}
		{78A937FA-F510-4347-B456-936B99D3C330} = {537BBF6E-378A-4B57-A77A-702512DC149B}
	EndGlobalSection
EndGlobal
